
Microsoft Visual Studio Solution File, Format Version 12.00
# Visual Studio 15
VisualStudioVersion = 15.0.28307.421
MinimumVisualStudioVersion = 10.0.40219.1
Project("{FAE04EC0-301F-11D3-BF4B-00C04F79EFBC}") = "Battery", "Battery\Battery.csproj", "{5E44B9B4-7701-4941-946E-4AE44FDCC9D1}"
EndProject
Global
	GlobalSection(SolutionConfigurationPlatforms) = preSolution
		Debug|Any CPU = Debug|Any CPU
		Release|Any CPU = Release|Any CPU
	EndGlobalSection
	GlobalSection(ProjectConfigurationPlatforms) = postSolution
		{5E44B9B4-7701-4941-946E-4AE44FDCC9D1}.Debug|Any CPU.ActiveCfg = Debug|Any CPU
		{5E44B9B4-7701-4941-946E-4AE44FDCC9D1}.Debug|Any CPU.Build.0 = Debug|Any CPU
		{5E44B9B4-7701-4941-946E-4AE44FDCC9D1}.Release|Any CPU.ActiveCfg = Release|Any CPU
		{5E44B9B4-7701-4941-946E-4AE44FDCC9D1}.Release|Any CPU.Build.0 = Release|Any CPU
	EndGlobalSection
	GlobalSection(SolutionProperties) = preSolution
		HideSolutionNode = FALSE
	EndGlobalSection
	GlobalSection(ExtensibilityGlobals) = postSolution
		SolutionGuid = {FF52001B-D3A0-40A3-82A9-29664A950C14}
	EndGlobalSection
EndGlobal
